
Microsoft Visual Studio Solution File, Format Version 12.00
# Visual Studio Version 17
VisualStudioVersion = 17.0.31903.59
MinimumVisualStudioVersion = 10.0.40219.1
Project("{2150E333-8FDC-42A3-9474-1A3956D46DE8}") = "src", "src", "{827E0CD3-B72D-47B6-A68D-7590B98EB39B}"
EndProject
Project("{FAE04EC0-301F-11D3-BF4B-00C04F79EFBC}") = "ResumeAI.Domain", "src\ResumeAI.Domain\ResumeAI.Domain.csproj", "{BC356442-B058-4D63-B8E8-668119010CCF}"
EndProject
Project("{FAE04EC0-301F-11D3-BF4B-00C04F79EFBC}") = "ResumeAI.Application", "src\ResumeAI.Application\ResumeAI.Application.csproj", "{DD459B48-5BA7-4D28-BE2A-20575F7228BE}"
EndProject
Project("{FAE04EC0-301F-11D3-BF4B-00C04F79EFBC}") = "ResumeAI.Infrastructure", "src\ResumeAI.Infrastructure\ResumeAI.Infrastructure.csproj", "{8698C5CC-EC68-40E3-A350-AADE5E4D173D}"
EndProject
Project("{FAE04EC0-301F-11D3-BF4B-00C04F79EFBC}") = "ResumeAI.API", "src\ResumeAI.API\ResumeAI.API.csproj", "{81B71987-6CBD-496E-B02A-BCDDA4654063}"
EndProject
Project("{FAE04EC0-301F-11D3-BF4B-00C04F79EFBC}") = "ResumeAI.Web", "src\ResumeAI.Web\ResumeAI.Web.csproj", "{CD9BC15A-C429-44BA-98FD-FEED9BC6EEA5}"
EndProject
Global
	GlobalSection(SolutionConfigurationPlatforms) = preSolution
		Debug|Any CPU = Debug|Any CPU
		Debug|x64 = Debug|x64
		Debug|x86 = Debug|x86
		Release|Any CPU = Release|Any CPU
		Release|x64 = Release|x64
		Release|x86 = Release|x86
	EndGlobalSection
	GlobalSection(ProjectConfigurationPlatforms) = postSolution
		{BC356442-B058-4D63-B8E8-668119010CCF}.Debug|Any CPU.ActiveCfg = Debug|Any CPU
		{BC356442-B058-4D63-B8E8-668119010CCF}.Debug|Any CPU.Build.0 = Debug|Any CPU
		{BC356442-B058-4D63-B8E8-668119010CCF}.Debug|x64.ActiveCfg = Debug|Any CPU
		{BC356442-B058-4D63-B8E8-668119010CCF}.Debug|x64.Build.0 = Debug|Any CPU
		{BC356442-B058-4D63-B8E8-668119010CCF}.Debug|x86.ActiveCfg = Debug|Any CPU
		{BC356442-B058-4D63-B8E8-668119010CCF}.Debug|x86.Build.0 = Debug|Any CPU
		{BC356442-B058-4D63-B8E8-668119010CCF}.Release|Any CPU.ActiveCfg = Release|Any CPU
		{BC356442-B058-4D63-B8E8-668119010CCF}.Release|Any CPU.Build.0 = Release|Any CPU
		{BC356442-B058-4D63-B8E8-668119010CCF}.Release|x64.ActiveCfg = Release|Any CPU
		{BC356442-B058-4D63-B8E8-668119010CCF}.Release|x64.Build.0 = Release|Any CPU
		{BC356442-B058-4D63-B8E8-668119010CCF}.Release|x86.ActiveCfg = Release|Any CPU
		{BC356442-B058-4D63-B8E8-668119010CCF}.Release|x86.Build.0 = Release|Any CPU
		{DD459B48-5BA7-4D28-BE2A-20575F7228BE}.Debug|Any CPU.ActiveCfg = Debug|Any CPU
		{DD459B48-5BA7-4D28-BE2A-20575F7228BE}.Debug|Any CPU.Build.0 = Debug|Any CPU
		{DD459B48-5BA7-4D28-BE2A-20575F7228BE}.Debug|x64.ActiveCfg = Debug|Any CPU
		{DD459B48-5BA7-4D28-BE2A-20575F7228BE}.Debug|x64.Build.0 = Debug|Any CPU
		{DD459B48-5BA7-4D28-BE2A-20575F7228BE}.Debug|x86.ActiveCfg = Debug|Any CPU
		{DD459B48-5BA7-4D28-BE2A-20575F7228BE}.Debug|x86.Build.0 = Debug|Any CPU
		{DD459B48-5BA7-4D28-BE2A-20575F7228BE}.Release|Any CPU.ActiveCfg = Release|Any CPU
		{DD459B48-5BA7-4D28-BE2A-20575F7228BE}.Release|Any CPU.Build.0 = Release|Any CPU
		{DD459B48-5BA7-4D28-BE2A-20575F7228BE}.Release|x64.ActiveCfg = Release|Any CPU
		{DD459B48-5BA7-4D28-BE2A-20575F7228BE}.Release|x64.Build.0 = Release|Any CPU
		{DD459B48-5BA7-4D28-BE2A-20575F7228BE}.Release|x86.ActiveCfg = Release|Any CPU
		{DD459B48-5BA7-4D28-BE2A-20575F7228BE}.Release|x86.Build.0 = Release|Any CPU
		{8698C5CC-EC68-40E3-A350-AADE5E4D173D}.Debug|Any CPU.ActiveCfg = Debug|Any CPU
		{8698C5CC-EC68-40E3-A350-AADE5E4D173D}.Debug|Any CPU.Build.0 = Debug|Any CPU
		{8698C5CC-EC68-40E3-A350-AADE5E4D173D}.Debug|x64.ActiveCfg = Debug|Any CPU
		{8698C5CC-EC68-40E3-A350-AADE5E4D173D}.Debug|x64.Build.0 = Debug|Any CPU
		{8698C5CC-EC68-40E3-A350-AADE5E4D173D}.Debug|x86.ActiveCfg = Debug|Any CPU
		{8698C5CC-EC68-40E3-A350-AADE5E4D173D}.Debug|x86.Build.0 = Debug|Any CPU
		{8698C5CC-EC68-40E3-A350-AADE5E4D173D}.Release|Any CPU.ActiveCfg = Release|Any CPU
		{8698C5CC-EC68-40E3-A350-AADE5E4D173D}.Release|Any CPU.Build.0 = Release|Any CPU
		{8698C5CC-EC68-40E3-A350-AADE5E4D173D}.Release|x64.ActiveCfg = Release|Any CPU
		{8698C5CC-EC68-40E3-A350-AADE5E4D173D}.Release|x64.Build.0 = Release|Any CPU
		{8698C5CC-EC68-40E3-A350-AADE5E4D173D}.Release|x86.ActiveCfg = Release|Any CPU
		{8698C5CC-EC68-40E3-A350-AADE5E4D173D}.Release|x86.Build.0 = Release|Any CPU
		{81B71987-6CBD-496E-B02A-BCDDA4654063}.Debug|Any CPU.ActiveCfg = Debug|Any CPU
		{81B71987-6CBD-496E-B02A-BCDDA4654063}.Debug|Any CPU.Build.0 = Debug|Any CPU
		{81B71987-6CBD-496E-B02A-BCDDA4654063}.Debug|x64.ActiveCfg = Debug|Any CPU
		{81B71987-6CBD-496E-B02A-BCDDA4654063}.Debug|x64.Build.0 = Debug|Any CPU
		{81B71987-6CBD-496E-B02A-BCDDA4654063}.Debug|x86.ActiveCfg = Debug|Any CPU
		{81B71987-6CBD-496E-B02A-BCDDA4654063}.Debug|x86.Build.0 = Debug|Any CPU
		{81B71987-6CBD-496E-B02A-BCDDA4654063}.Release|Any CPU.ActiveCfg = Release|Any CPU
		{81B71987-6CBD-496E-B02A-BCDDA4654063}.Release|Any CPU.Build.0 = Release|Any CPU
		{81B71987-6CBD-496E-B02A-BCDDA4654063}.Release|x64.ActiveCfg = Release|Any CPU
		{81B71987-6CBD-496E-B02A-BCDDA4654063}.Release|x64.Build.0 = Release|Any CPU
		{81B71987-6CBD-496E-B02A-BCDDA4654063}.Release|x86.ActiveCfg = Release|Any CPU
		{81B71987-6CBD-496E-B02A-BCDDA4654063}.Release|x86.Build.0 = Release|Any CPU
		{CD9BC15A-C429-44BA-98FD-FEED9BC6EEA5}.Debug|Any CPU.ActiveCfg = Debug|Any CPU
		{CD9BC15A-C429-44BA-98FD-FEED9BC6EEA5}.Debug|Any CPU.Build.0 = Debug|Any CPU
		{CD9BC15A-C429-44BA-98FD-FEED9BC6EEA5}.Debug|x64.ActiveCfg = Debug|Any CPU
		{CD9BC15A-C429-44BA-98FD-FEED9BC6EEA5}.Debug|x64.Build.0 = Debug|Any CPU
		{CD9BC15A-C429-44BA-98FD-FEED9BC6EEA5}.Debug|x86.ActiveCfg = Debug|Any CPU
		{CD9BC15A-C429-44BA-98FD-FEED9BC6EEA5}.Debug|x86.Build.0 = Debug|Any CPU
		{CD9BC15A-C429-44BA-98FD-FEED9BC6EEA5}.Release|Any CPU.ActiveCfg = Release|Any CPU
		{CD9BC15A-C429-44BA-98FD-FEED9BC6EEA5}.Release|Any CPU.Build.0 = Release|Any CPU
		{CD9BC15A-C429-44BA-98FD-FEED9BC6EEA5}.Release|x64.ActiveCfg = Release|Any CPU
		{CD9BC15A-C429-44BA-98FD-FEED9BC6EEA5}.Release|x64.Build.0 = Release|Any CPU
		{CD9BC15A-C429-44BA-98FD-FEED9BC6EEA5}.Release|x86.ActiveCfg = Release|Any CPU
		{CD9BC15A-C429-44BA-98FD-FEED9BC6EEA5}.Release|x86.Build.0 = Release|Any CPU
	EndGlobalSection
	GlobalSection(SolutionProperties) = preSolution
		HideSolutionNode = FALSE
	EndGlobalSection
	GlobalSection(NestedProjects) = preSolution
		{BC356442-B058-4D63-B8E8-668119010CCF} = {827E0CD3-B72D-47B6-A68D-7590B98EB39B}
		{DD459B48-5BA7-4D28-BE2A-20575F7228BE} = {827E0CD3-B72D-47B6-A68D-7590B98EB39B}
		{8698C5CC-EC68-40E3-A350-AADE5E4D173D} = {827E0CD3-B72D-47B6-A68D-7590B98EB39B}
		{81B71987-6CBD-496E-B02A-BCDDA4654063} = {827E0CD3-B72D-47B6-A68D-7590B98EB39B}
		{CD9BC15A-C429-44BA-98FD-FEED9BC6EEA5} = {827E0CD3-B72D-47B6-A68D-7590B98EB39B}
	EndGlobalSection
EndGlobal
